// !$*UTF8*$!
{
	archiveVersion = 1;
	classes = {
	};
	objectVersion = 77;
	objects = {

/* Begin PBXBuildFile section */
		CF57B4E02E1FF67500132113 /* FirebaseAnalytics in Frameworks */ = {isa = PBXBuildFile; productRef = CF57B4DF2E1FF67500132113 /* FirebaseAnalytics */; };
		CF57B4E22E1FF67500132113 /* FirebaseCore in Frameworks */ = {isa = PBXBuildFile; productRef = CF57B4E12E1FF67500132113 /* FirebaseCore */; };
		CF57B4E42E1FF67500132113 /* FirebaseDatabase in Frameworks */ = {isa = PBXBuildFile; productRef = CF57B4E32E1FF67500132113 /* FirebaseDatabase */; };
		CF57B4E62E1FF67500132113 /* FirebaseFirestore in Frameworks */ = {isa = PBXBuildFile; productRef = CF57B4E52E1FF67500132113 /* FirebaseFirestore */; };
		CF57B4EF2E20079E00132113 /* FirebaseAuth in Frameworks */ = {isa = PBXBuildFile; productRef = CF57B4EE2E20079E00132113 /* FirebaseAuth */; };
/* End PBXBuildFile section */

/* Begin PBXContainerItemProxy section */
		CFE310992E1EF212009050F0 /* PBXContainerItemProxy */ = {
			isa = PBXContainerItemProxy;
			containerPortal = CFE3107E2E1EF212009050F0 /* Project object */;
			proxyType = 1;
			remoteGlobalIDString = CFE310852E1EF212009050F0;
			remoteInfo = grekino;
		};
		CFE310A32E1EF213009050F0 /* PBXContainerItemProxy */ = {
			isa = PBXContainerItemProxy;
			containerPortal = CFE3107E2E1EF212009050F0 /* Project object */;
			proxyType = 1;
			remoteGlobalIDString = CFE310852E1EF212009050F0;
			remoteInfo = grekino;
		};
/* End PBXContainerItemProxy section */

/* Begin PBXFileReference section */
		CFE310862E1EF212009050F0 /* grekino.app */ = {isa = PBXFileReference; explicitFileType = wrapper.application; includeInIndex = 0; path = grekino.app; sourceTree = BUILT_PRODUCTS_DIR; };
		CFE310982E1EF212009050F0 /* grekinoTests.xctest */ = {isa = PBXFileReference; explicitFileType = wrapper.cfbundle; includeInIndex = 0; path = grekinoTests.xctest; sourceTree = BUILT_PRODUCTS_DIR; };
		CFE310A22E1EF213009050F0 /* grekinoUITests.xctest */ = {isa = PBXFileReference; explicitFileType = wrapper.cfbundle; includeInIndex = 0; path = grekinoUITests.xctest; sourceTree = BUILT_PRODUCTS_DIR; };
/* End PBXFileReference section */

/* Begin PBXFileSystemSynchronizedBuildFileExceptionSet section */
		CF9BD48D2E28001400B50CCB /* Exceptions for "grekino" folder in "grekino" target */ = {
			isa = PBXFileSystemSynchronizedBuildFileExceptionSet;
			membershipExceptions = (
				Info.plist,
			);
			target = CFE310852E1EF212009050F0 /* grekino */;
		};
/* End PBXFileSystemSynchronizedBuildFileExceptionSet section */

/* Begin PBXFileSystemSynchronizedRootGroup section */
		CFE310882E1EF212009050F0 /* grekino */ = {
			isa = PBXFileSystemSynchronizedRootGroup;
			exceptions = (
				CF9BD48D2E28001400B50CCB /* Exceptions for "grekino" folder in "grekino" target */,
			);
			path = grekino;
			sourceTree = "<group>";
		};
		CFE3109B2E1EF212009050F0 /* grekinoTests */ = {
			isa = PBXFileSystemSynchronizedRootGroup;
			path = grekinoTests;
			sourceTree = "<group>";
		};
		CFE310A52E1EF213009050F0 /* grekinoUITests */ = {
			isa = PBXFileSystemSynchronizedRootGroup;
			path = grekinoUITests;
			sourceTree = "<group>";
		};
/* End PBXFileSystemSynchronizedRootGroup section */

/* Begin PBXFrameworksBuildPhase section */
		CFE310832E1EF212009050F0 /* Frameworks */ = {
			isa = PBXFrameworksBuildPhase;
			buildActionMask = 2147483647;
			files = (
				CF57B4E42E1FF67500132113 /* FirebaseDatabase in Frameworks */,
				CF57B4EF2E20079E00132113 /* FirebaseAuth in Frameworks */,
				CF57B4E62E1FF67500132113 /* FirebaseFirestore in Frameworks */,
				CF57B4E22E1FF67500132113 /* FirebaseCore in Frameworks */,
				CF57B4E02E1FF67500132113 /* FirebaseAnalytics in Frameworks */,
			);
			runOnlyForDeploymentPostprocessing = 0;
		};
		CFE310952E1EF212009050F0 /* Frameworks */ = {
			isa = PBXFrameworksBuildPhase;
			buildActionMask = 2147483647;
			files = (
			);
			runOnlyForDeploymentPostprocessing = 0;
		};
		CFE3109F2E1EF213009050F0 /* Frameworks */ = {
			isa = PBXFrameworksBuildPhase;
			buildActionMask = 2147483647;
			files = (
			);
			runOnlyForDeploymentPostprocessing = 0;
		};
/* End PBXFrameworksBuildPhase section */

/* Begin PBXGroup section */
		CFE3107D2E1EF212009050F0 = {
			isa = PBXGroup;
			children = (
				CFE310882E1EF212009050F0 /* grekino */,
				CFE3109B2E1EF212009050F0 /* grekinoTests */,
				CFE310A52E1EF213009050F0 /* grekinoUITests */,
				CFE310872E1EF212009050F0 /* Products */,
			);
			sourceTree = "<group>";
		};
		CFE310872E1EF212009050F0 /* Products */ = {
			isa = PBXGroup;
			children = (
				CFE310862E1EF212009050F0 /* grekino.app */,
				CFE310982E1EF212009050F0 /* grekinoTests.xctest */,
				CFE310A22E1EF213009050F0 /* grekinoUITests.xctest */,
			);
			name = Products;
			sourceTree = "<group>";
		};
/* End PBXGroup section */

/* Begin PBXNativeTarget section */
		CFE310852E1EF212009050F0 /* grekino */ = {
			isa = PBXNativeTarget;
			buildConfigurationList = CFE310AC2E1EF213009050F0 /* Build configuration list for PBXNativeTarget "grekino" */;
			buildPhases = (
				CFE310822E1EF212009050F0 /* Sources */,
				CFE310832E1EF212009050F0 /* Frameworks */,
				CFE310842E1EF212009050F0 /* Resources */,
			);
			buildRules = (
			);
			dependencies = (
			);
			fileSystemSynchronizedGroups = (
				CFE310882E1EF212009050F0 /* grekino */,
			);
			name = grekino;
			packageProductDependencies = (
				CF57B4DF2E1FF67500132113 /* FirebaseAnalytics */,
				CF57B4E12E1FF67500132113 /* FirebaseCore */,
				CF57B4E32E1FF67500132113 /* FirebaseDatabase */,
				CF57B4E52E1FF67500132113 /* FirebaseFirestore */,
				CF57B4EE2E20079E00132113 /* FirebaseAuth */,
			);
			productName = grekino;
			productReference = CFE310862E1EF212009050F0 /* grekino.app */;
			productType = "com.apple.product-type.application";
		};
		CFE310972E1EF212009050F0 /* grekinoTests */ = {
			isa = PBXNativeTarget;
			buildConfigurationList = CFE310AF2E1EF213009050F0 /* Build configuration list for PBXNativeTarget "grekinoTests" */;
			buildPhases = (
				CFE310942E1EF212009050F0 /* Sources */,
				CFE310952E1EF212009050F0 /* Frameworks */,
				CFE310962E1EF212009050F0 /* Resources */,
			);
			buildRules = (
			);
			dependencies = (
				CFE3109A2E1EF212009050F0 /* PBXTargetDependency */,
			);
			fileSystemSynchronizedGroups = (
				CFE3109B2E1EF212009050F0 /* grekinoTests */,
			);
			name = grekinoTests;
			packageProductDependencies = (
			);
			productName = grekinoTests;
			productReference = CFE310982E1EF212009050F0 /* grekinoTests.xctest */;
			productType = "com.apple.product-type.bundle.unit-test";
		};
		CFE310A12E1EF213009050F0 /* grekinoUITests */ = {
			isa = PBXNativeTarget;
			buildConfigurationList = CFE310B22E1EF213009050F0 /* Build configuration list for PBXNativeTarget "grekinoUITests" */;
			buildPhases = (
				CFE3109E2E1EF213009050F0 /* Sources */,
				CFE3109F2E1EF213009050F0 /* Frameworks */,
				CFE310A02E1EF213009050F0 /* Resources */,
			);
			buildRules = (
			);
			dependencies = (
				CFE310A42E1EF213009050F0 /* PBXTargetDependency */,
			);
			fileSystemSynchronizedGroups = (
				CFE310A52E1EF213009050F0 /* grekinoUITests */,
			);
			name = grekinoUITests;
			packageProductDependencies = (
			);
			productName = grekinoUITests;
			productReference = CFE310A22E1EF213009050F0 /* grekinoUITests.xctest */;
			productType = "com.apple.product-type.bundle.ui-testing";
		};
/* End PBXNativeTarget section */

/* Begin PBXProject section */
		CFE3107E2E1EF212009050F0 /* Project object */ = {
			isa = PBXProject;
			attributes = {
				BuildIndependentTargetsInParallel = 1;
				LastSwiftUpdateCheck = 1640;
				LastUpgradeCheck = 1640;
				TargetAttributes = {
					CFE310852E1EF212009050F0 = {
						CreatedOnToolsVersion = 16.4;
					};
					CFE310972E1EF212009050F0 = {
						CreatedOnToolsVersion = 16.4;
						TestTargetID = CFE310852E1EF212009050F0;
					};
					CFE310A12E1EF213009050F0 = {
						CreatedOnToolsVersion = 16.4;
						TestTargetID = CFE310852E1EF212009050F0;
					};
				};
			};
			buildConfigurationList = CFE310812E1EF212009050F0 /* Build configuration list for PBXProject "grekino" */;
			developmentRegion = en;
			hasScannedForEncodings = 0;
			knownRegions = (
				en,
				Base,
			);
			mainGroup = CFE3107D2E1EF212009050F0;
			minimizedProjectReferenceProxies = 1;
			packageReferences = (
				CF57B4DE2E1FF67500132113 /* XCRemoteSwiftPackageReference "firebase-ios-sdk" */,
			);
			preferredProjectObjectVersion = 77;
			productRefGroup = CFE310872E1EF212009050F0 /* Products */;
			projectDirPath = "";
			projectRoot = "";
			targets = (
				CFE310852E1EF212009050F0 /* grekino */,
				CFE310972E1EF212009050F0 /* grekinoTests */,
				CFE310A12E1EF213009050F0 /* grekinoUITests */,
			);
		};
/* End PBXProject section */

/* Begin PBXResourcesBuildPhase section */
		CFE310842E1EF212009050F0 /* Resources */ = {
			isa = PBXResourcesBuildPhase;
			buildActionMask = 2147483647;
			files = (
			);
			runOnlyForDeploymentPostprocessing = 0;
		};
		CFE310962E1EF212009050F0 /* Resources */ = {
			isa = PBXResourcesBuildPhase;
			buildActionMask = 2147483647;
			files = (
			);
			runOnlyForDeploymentPostprocessing = 0;
		};
		CFE310A02E1EF213009050F0 /* Resources */ = {
			isa = PBXResourcesBuildPhase;
			buildActionMask = 2147483647;
			files = (
			);
			runOnlyForDeploymentPostprocessing = 0;
		};
/* End PBXResourcesBuildPhase section */

/* Begin PBXSourcesBuildPhase section */
		CFE310822E1EF212009050F0 /* Sources */ = {
			isa = PBXSourcesBuildPhase;
			buildActionMask = 2147483647;
			files = (
			);
			runOnlyForDeploymentPostprocessing = 0;
		};
		CFE310942E1EF212009050F0 /* Sources */ = {
			isa = PBXSourcesBuildPhase;
			buildActionMask = 2147483647;
			files = (
			);
			runOnlyForDeploymentPostprocessing = 0;
		};
		CFE3109E2E1EF213009050F0 /* Sources */ = {
			isa = PBXSourcesBuildPhase;
			buildActionMask = 2147483647;
			files = (
			);
			runOnlyForDeploymentPostprocessing = 0;
		};
/* End PBXSourcesBuildPhase section */

/* Begin PBXTargetDependency section */
		CFE3109A2E1EF212009050F0 /* PBXTargetDependency */ = {
			isa = PBXTargetDependency;
			target = CFE310852E1EF212009050F0 /* grekino */;
			targetProxy = CFE310992E1EF212009050F0 /* PBXContainerItemProxy */;
		};
		CFE310A42E1EF213009050F0 /* PBXTargetDependency */ = {
			isa = PBXTargetDependency;
			target = CFE310852E1EF212009050F0 /* grekino */;
			targetProxy = CFE310A32E1EF213009050F0 /* PBXContainerItemProxy */;
		};
/* End PBXTargetDependency section */

/* Begin XCBuildConfiguration section */
		CFE310AA2E1EF213009050F0 /* Debug */ = {
			isa = XCBuildConfiguration;
			buildSettings = {
				ALWAYS_SEARCH_USER_PATHS = NO;
				ASSETCATALOG_COMPILER_GENERATE_SWIFT_ASSET_SYMBOL_EXTENSIONS = YES;
				CLANG_ANALYZER_NONNULL = YES;
				CLANG_ANALYZER_NUMBER_OBJECT_CONVERSION = YES_AGGRESSIVE;
				CLANG_CXX_LANGUAGE_STANDARD = "gnu++20";
				CLANG_ENABLE_MODULES = YES;
				CLANG_ENABLE_OBJC_ARC = YES;
				CLANG_ENABLE_OBJC_WEAK = YES;
				CLANG_WARN_BLOCK_CAPTURE_AUTORELEASING = YES;
				CLANG_WARN_BOOL_CONVERSION = YES;
				CLANG_WARN_COMMA = YES;
				CLANG_WARN_CONSTANT_CONVERSION = YES;
				CLANG_WARN_DEPRECATED_OBJC_IMPLEMENTATIONS = YES;
				CLANG_WARN_DIRECT_OBJC_ISA_USAGE = YES_ERROR;
				CLANG_WARN_DOCUMENTATION_COMMENTS = YES;
				CLANG_WARN_EMPTY_BODY = YES;
				CLANG_WARN_ENUM_CONVERSION = YES;
				CLANG_WARN_INFINITE_RECURSION = YES;
				CLANG_WARN_INT_CONVERSION = YES;
				CLANG_WARN_NON_LITERAL_NULL_CONVERSION = YES;
				CLANG_WARN_OBJC_IMPLICIT_RETAIN_SELF = YES;
				CLANG_WARN_OBJC_LITERAL_CONVERSION = YES;
				CLANG_WARN_OBJC_ROOT_CLASS = YES_ERROR;
				CLANG_WARN_QUOTED_INCLUDE_IN_FRAMEWORK_HEADER = YES;
				CLANG_WARN_RANGE_LOOP_ANALYSIS = YES;
				CLANG_WARN_STRICT_PROTOTYPES = YES;
				CLANG_WARN_SUSPICIOUS_MOVE = YES;
				CLANG_WARN_UNGUARDED_AVAILABILITY = YES_AGGRESSIVE;
				CLANG_WARN_UNREACHABLE_CODE = YES;
				CLANG_WARN__DUPLICATE_METHOD_MATCH = YES;
				COPY_PHASE_STRIP = NO;
				DEBUG_INFORMATION_FORMAT = dwarf;
				DEVELOPMENT_TEAM = 7M23UJ52VC;
				ENABLE_STRICT_OBJC_MSGSEND = YES;
				ENABLE_TESTABILITY = YES;
				ENABLE_USER_SCRIPT_SANDBOXING = YES;
				GCC_C_LANGUAGE_STANDARD = gnu17;
				GCC_DYNAMIC_NO_PIC = NO;
				GCC_NO_COMMON_BLOCKS = YES;
				GCC_OPTIMIZATION_LEVEL = 0;
				GCC_PREPROCESSOR_DEFINITIONS = (
					"DEBUG=1",
					"$(inherited)",
				);
				GCC_WARN_64_TO_32_BIT_CONVERSION = YES;
				GCC_WARN_ABOUT_RETURN_TYPE = YES_ERROR;
				GCC_WARN_UNDECLARED_SELECTOR = YES;
				GCC_WARN_UNINITIALIZED_AUTOS = YES_AGGRESSIVE;
				GCC_WARN_UNUSED_FUNCTION = YES;
				GCC_WARN_UNUSED_VARIABLE = YES;
				IPHONEOS_DEPLOYMENT_TARGET = 18.5;
				LOCALIZATION_PREFERS_STRING_CATALOGS = YES;
				MTL_ENABLE_DEBUG_INFO = INCLUDE_SOURCE;
				MTL_FAST_MATH = YES;
				ONLY_ACTIVE_ARCH = YES;
				SDKROOT = iphoneos;
				SWIFT_ACTIVE_COMPILATION_CONDITIONS = "DEBUG $(inherited)";
				SWIFT_OPTIMIZATION_LEVEL = "-Onone";
			};
			name = Debug;
		};
		CFE310AB2E1EF213009050F0 /* Release */ = {
			isa = XCBuildConfiguration;
			buildSettings = {
				ALWAYS_SEARCH_USER_PATHS = NO;
				ASSETCATALOG_COMPILER_GENERATE_SWIFT_ASSET_SYMBOL_EXTENSIONS = YES;
				CLANG_ANALYZER_NONNULL = YES;
				CLANG_ANALYZER_NUMBER_OBJECT_CONVERSION = YES_AGGRESSIVE;
				CLANG_CXX_LANGUAGE_STANDARD = "gnu++20";
				CLANG_ENABLE_MODULES = YES;
				CLANG_ENABLE_OBJC_ARC = YES;
				CLANG_ENABLE_OBJC_WEAK = YES;
				CLANG_WARN_BLOCK_CAPTURE_AUTORELEASING = YES;
				CLANG_WARN_BOOL_CONVERSION = YES;
				CLANG_WARN_COMMA = YES;
				CLANG_WARN_CONSTANT_CONVERSION = YES;
				CLANG_WARN_DEPRECATED_OBJC_IMPLEMENTATIONS = YES;
				CLANG_WARN_DIRECT_OBJC_ISA_USAGE = YES_ERROR;
				CLANG_WARN_DOCUMENTATION_COMMENTS = YES;
				CLANG_WARN_EMPTY_BODY = YES;
				CLANG_WARN_ENUM_CONVERSION = YES;
				CLANG_WARN_INFINITE_RECURSION = YES;
				CLANG_WARN_INT_CONVERSION = YES;
				CLANG_WARN_NON_LITERAL_NULL_CONVERSION = YES;
				CLANG_WARN_OBJC_IMPLICIT_RETAIN_SELF = YES;
				CLANG_WARN_OBJC_LITERAL_CONVERSION = YES;
				CLANG_WARN_OBJC_ROOT_CLASS = YES_ERROR;
				CLANG_WARN_QUOTED_INCLUDE_IN_FRAMEWORK_HEADER = YES;
				CLANG_WARN_RANGE_LOOP_ANALYSIS = YES;
				CLANG_WARN_STRICT_PROTOTYPES = YES;
				CLANG_WARN_SUSPICIOUS_MOVE = YES;
				CLANG_WARN_UNGUARDED_AVAILABILITY = YES_AGGRESSIVE;
				CLANG_WARN_UNREACHABLE_CODE = YES;
				CLANG_WARN__DUPLICATE_METHOD_MATCH = YES;
				COPY_PHASE_STRIP = NO;
				DEBUG_INFORMATION_FORMAT = "dwarf-with-dsym";
				DEVELOPMENT_TEAM = 7M23UJ52VC;
				ENABLE_NS_ASSERTIONS = NO;
				ENABLE_STRICT_OBJC_MSGSEND = YES;
				ENABLE_USER_SCRIPT_SANDBOXING = YES;
				GCC_C_LANGUAGE_STANDARD = gnu17;
				GCC_NO_COMMON_BLOCKS = YES;
				GCC_WARN_64_TO_32_BIT_CONVERSION = YES;
				GCC_WARN_ABOUT_RETURN_TYPE = YES_ERROR;
				GCC_WARN_UNDECLARED_SELECTOR = YES;
				GCC_WARN_UNINITIALIZED_AUTOS = YES_AGGRESSIVE;
				GCC_WARN_UNUSED_FUNCTION = YES;
				GCC_WARN_UNUSED_VARIABLE = YES;
				IPHONEOS_DEPLOYMENT_TARGET = 18.5;
				LOCALIZATION_PREFERS_STRING_CATALOGS = YES;
				MTL_ENABLE_DEBUG_INFO = NO;
				MTL_FAST_MATH = YES;
				SDKROOT = iphoneos;
				SWIFT_COMPILATION_MODE = wholemodule;
				VALIDATE_PRODUCT = YES;
			};
			name = Release;
		};
		CFE310AD2E1EF213009050F0 /* Debug */ = {
			isa = XCBuildConfiguration;
			buildSettings = {
				ASSETCATALOG_COMPILER_APPICON_NAME = AppIcon;
				ASSETCATALOG_COMPILER_GLOBAL_ACCENT_COLOR_NAME = AccentColor;
				CODE_SIGN_STYLE = Automatic;
				CURRENT_PROJECT_VERSION = 1;
				DEVELOPMENT_TEAM = 7M23UJ52VC;
				ENABLE_PREVIEWS = YES;
				GENERATE_INFOPLIST_FILE = YES;
				INFOPLIST_FILE = grekino/Info.plist;
				INFOPLIST_KEY_UIApplicationSceneManifest_Generation = YES;
				INFOPLIST_KEY_UIApplicationSupportsIndirectInputEvents = YES;
				INFOPLIST_KEY_UILaunchScreen_Generation = YES;
				INFOPLIST_KEY_UISupportedInterfaceOrientations_iPad = "UIInterfaceOrientationPortrait UIInterfaceOrientationPortraitUpsideDown UIInterfaceOrientationLandscapeLeft UIInterfaceOrientationLandscapeRight";
				INFOPLIST_KEY_UISupportedInterfaceOrientations_iPhone = "UIInterfaceOrientationPortrait UIInterfaceOrientationLandscapeLeft UIInterfaceOrientationLandscapeRight";
				LD_RUNPATH_SEARCH_PATHS = (
					"$(inherited)",
					"@executable_path/Frameworks",
				);
				MARKETING_VERSION = 1.0;
				PRODUCT_BUNDLE_IDENTIFIER = com.sparkwing.grekino;
				PRODUCT_NAME = "$(TARGET_NAME)";
				SWIFT_EMIT_LOC_STRINGS = YES;
				SWIFT_VERSION = 5.0;
				TARGETED_DEVICE_FAMILY = "1,2";
			};
			name = Debug;
		};
		CFE310AE2E1EF213009050F0 /* Release */ = {
			isa = XCBuildConfiguration;
			buildSettings = {
				ASSETCATALOG_COMPILER_APPICON_NAME = AppIcon;
				ASSETCATALOG_COMPILER_GLOBAL_ACCENT_COLOR_NAME = AccentColor;
				CODE_SIGN_STYLE = Automatic;
				CURRENT_PROJECT_VERSION = 1;
				DEVELOPMENT_TEAM = 7M23UJ52VC;
				ENABLE_PREVIEWS = YES;
				GENERATE_INFOPLIST_FILE = YES;
				INFOPLIST_FILE = grekino/Info.plist;
				INFOPLIST_KEY_UIApplicationSceneManifest_Generation = YES;
				INFOPLIST_KEY_UIApplicationSupportsIndirectInputEvents = YES;
				INFOPLIST_KEY_UILaunchScreen_Generation = YES;
				INFOPLIST_KEY_UISupportedInterfaceOrientations_iPad = "UIInterfaceOrientationPortrait UIInterfaceOrientationPortraitUpsideDown UIInterfaceOrientationLandscapeLeft UIInterfaceOrientationLandscapeRight";
				INFOPLIST_KEY_UISupportedInterfaceOrientations_iPhone = "UIInterfaceOrientationPortrait UIInterfaceOrientationLandscapeLeft UIInterfaceOrientationLandscapeRight";
				LD_RUNPATH_SEARCH_PATHS = (
					"$(inherited)",
					"@executable_path/Frameworks",
				);
				MARKETING_VERSION = 1.0;
				PRODUCT_BUNDLE_IDENTIFIER = com.sparkwing.grekino;
				PRODUCT_NAME = "$(TARGET_NAME)";
				SWIFT_EMIT_LOC_STRINGS = YES;
				SWIFT_VERSION = 5.0;
				TARGETED_DEVICE_FAMILY = "1,2";
			};
			name = Release;
		};
		CFE310B02E1EF213009050F0 /* Debug */ = {
			isa = XCBuildConfiguration;
			buildSettings = {
				BUNDLE_LOADER = "$(TEST_HOST)";
				CODE_SIGN_STYLE = Automatic;
				CURRENT_PROJECT_VERSION = 1;
				DEVELOPMENT_TEAM = 7M23UJ52VC;
				GENERATE_INFOPLIST_FILE = YES;
				IPHONEOS_DEPLOYMENT_TARGET = 18.5;
				MARKETING_VERSION = 1.0;
				PRODUCT_BUNDLE_IDENTIFIER = com.sparkwing.grekinoTests;
				PRODUCT_NAME = "$(TARGET_NAME)";
				SWIFT_EMIT_LOC_STRINGS = NO;
				SWIFT_VERSION = 5.0;
				TARGETED_DEVICE_FAMILY = "1,2";
				TEST_HOST = "$(BUILT_PRODUCTS_DIR)/grekino.app/$(BUNDLE_EXECUTABLE_FOLDER_PATH)/grekino";
			};
			name = Debug;
		};
		CFE310B12E1EF213009050F0 /* Release */ = {
			isa = XCBuildConfiguration;
			buildSettings = {
				BUNDLE_LOADER = "$(TEST_HOST)";
				CODE_SIGN_STYLE = Automatic;
				CURRENT_PROJECT_VERSION = 1;
				DEVELOPMENT_TEAM = 7M23UJ52VC;
				GENERATE_INFOPLIST_FILE = YES;
				IPHONEOS_DEPLOYMENT_TARGET = 18.5;
				MARKETING_VERSION = 1.0;
				PRODUCT_BUNDLE_IDENTIFIER = com.sparkwing.grekinoTests;
				PRODUCT_NAME = "$(TARGET_NAME)";
				SWIFT_EMIT_LOC_STRINGS = NO;
				SWIFT_VERSION = 5.0;
				TARGETED_DEVICE_FAMILY = "1,2";
				TEST_HOST = "$(BUILT_PRODUCTS_DIR)/grekino.app/$(BUNDLE_EXECUTABLE_FOLDER_PATH)/grekino";
			};
			name = Release;
		};
		CFE310B32E1EF213009050F0 /* Debug */ = {
			isa = XCBuildConfiguration;
			buildSettings = {
				CODE_SIGN_STYLE = Automatic;
				CURRENT_PROJECT_VERSION = 1;
				DEVELOPMENT_TEAM = 7M23UJ52VC;
				GENERATE_INFOPLIST_FILE = YES;
				MARKETING_VERSION = 1.0;
				PRODUCT_BUNDLE_IDENTIFIER = com.sparkwing.grekinoUITests;
				PRODUCT_NAME = "$(TARGET_NAME)";
				SWIFT_EMIT_LOC_STRINGS = NO;
				SWIFT_VERSION = 5.0;
				TARGETED_DEVICE_FAMILY = "1,2";
				TEST_TARGET_NAME = grekino;
			};
			name = Debug;
		};
		CFE310B42E1EF213009050F0 /* Release */ = {
			isa = XCBuildConfiguration;
			buildSettings = {
				CODE_SIGN_STYLE = Automatic;
				CURRENT_PROJECT_VERSION = 1;
				DEVELOPMENT_TEAM = 7M23UJ52VC;
				GENERATE_INFOPLIST_FILE = YES;
				MARKETING_VERSION = 1.0;
				PRODUCT_BUNDLE_IDENTIFIER = com.sparkwing.grekinoUITests;
				PRODUCT_NAME = "$(TARGET_NAME)";
				SWIFT_EMIT_LOC_STRINGS = NO;
				SWIFT_VERSION = 5.0;
				TARGETED_DEVICE_FAMILY = "1,2";
				TEST_TARGET_NAME = grekino;
			};
			name = Release;
		};
/* End XCBuildConfiguration section */

/* Begin XCConfigurationList section */
		CFE310812E1EF212009050F0 /* Build configuration list for PBXProject "grekino" */ = {
			isa = XCConfigurationList;
			buildConfigurations = (
				CFE310AA2E1EF213009050F0 /* Debug */,
				CFE310AB2E1EF213009050F0 /* Release */,
			);
			defaultConfigurationIsVisible = 0;
			defaultConfigurationName = Release;
		};
		CFE310AC2E1EF213009050F0 /* Build configuration list for PBXNativeTarget "grekino" */ = {
			isa = XCConfigurationList;
			buildConfigurations = (
				CFE310AD2E1EF213009050F0 /* Debug */,
				CFE310AE2E1EF213009050F0 /* Release */,
			);
			defaultConfigurationIsVisible = 0;
			defaultConfigurationName = Release;
		};
		CFE310AF2E1EF213009050F0 /* Build configuration list for PBXNativeTarget "grekinoTests" */ = {
			isa = XCConfigurationList;
			buildConfigurations = (
				CFE310B02E1EF213009050F0 /* Debug */,
				CFE310B12E1EF213009050F0 /* Release */,
			);
			defaultConfigurationIsVisible = 0;
			defaultConfigurationName = Release;
		};
		CFE310B22E1EF213009050F0 /* Build configuration list for PBXNativeTarget "grekinoUITests" */ = {
			isa = XCConfigurationList;
			buildConfigurations = (
				CFE310B32E1EF213009050F0 /* Debug */,
				CFE310B42E1EF213009050F0 /* Release */,
			);
			defaultConfigurationIsVisible = 0;
			defaultConfigurationName = Release;
		};
/* End XCConfigurationList section */

/* Begin XCRemoteSwiftPackageReference section */
		CF57B4DE2E1FF67500132113 /* XCRemoteSwiftPackageReference "firebase-ios-sdk" */ = {
			isa = XCRemoteSwiftPackageReference;
			repositoryURL = "https://github.com/firebase/firebase-ios-sdk";
			requirement = {
				kind = upToNextMajorVersion;
				minimumVersion = 11.15.0;
			};
		};
/* End XCRemoteSwiftPackageReference section */

/* Begin XCSwiftPackageProductDependency section */
		CF57B4DF2E1FF67500132113 /* FirebaseAnalytics */ = {
			isa = XCSwiftPackageProductDependency;
			package = CF57B4DE2E1FF67500132113 /* XCRemoteSwiftPackageReference "firebase-ios-sdk" */;
			productName = FirebaseAnalytics;
		};
		CF57B4E12E1FF67500132113 /* FirebaseCore */ = {
			isa = XCSwiftPackageProductDependency;
			package = CF57B4DE2E1FF67500132113 /* XCRemoteSwiftPackageReference "firebase-ios-sdk" */;
			productName = FirebaseCore;
		};
		CF57B4E32E1FF67500132113 /* FirebaseDatabase */ = {
			isa = XCSwiftPackageProductDependency;
			package = CF57B4DE2E1FF67500132113 /* XCRemoteSwiftPackageReference "firebase-ios-sdk" */;
			productName = FirebaseDatabase;
		};
		CF57B4E52E1FF67500132113 /* FirebaseFirestore */ = {
			isa = XCSwiftPackageProductDependency;
			package = CF57B4DE2E1FF67500132113 /* XCRemoteSwiftPackageReference "firebase-ios-sdk" */;
			productName = FirebaseFirestore;
		};
		CF57B4EE2E20079E00132113 /* FirebaseAuth */ = {
			isa = XCSwiftPackageProductDependency;
			package = CF57B4DE2E1FF67500132113 /* XCRemoteSwiftPackageReference "firebase-ios-sdk" */;
			productName = FirebaseAuth;
		};
/* End XCSwiftPackageProductDependency section */
	};
	rootObject = CFE3107E2E1EF212009050F0 /* Project object */;
}
